
Microsoft Visual Studio Solution File, Format Version 12.00
# Visual Studio 14
VisualStudioVersion = 14.0.25420.1
MinimumVisualStudioVersion = 10.0.40219.1
Project("{8BB2217D-0F2D-49D1-97BC-3654ED321F3B}") = "Warden.Services.Stats", "Warden.Services.Stats\Warden.Services.Stats.xproj", "{CDEB8355-2CBF-490C-8C44-50F8CC6C636C}"
EndProject
Project("{8BB2217D-0F2D-49D1-97BC-3654ED321F3B}") = "Warden.Services.Stats.Tests", "Warden.Services.Stats.Tests\Warden.Services.Stats.Tests.xproj", "{36B6FC33-AA16-435A-B51C-1C0B5A8C1B47}"
EndProject
Project("{8BB2217D-0F2D-49D1-97BC-3654ED321F3B}") = "Warden.Services.Stats.Tests.EndToEnd", "Warden.Services.Stats.Tests.EndToEnd\Warden.Services.Stats.Tests.EndToEnd.xproj", "{15DF142D-1739-45B4-B9F6-7D43974564C6}"
EndProject
Project("{8BB2217D-0F2D-49D1-97BC-3654ED321F3B}") = "Warden.Services.Stats.Shared", "Warden.Services.Stats.Shared\Warden.Services.Stats.Shared.xproj", "{A94DAD0B-2C36-4BBD-98AD-932DE085527C}"
EndProject
Global
	GlobalSection(SolutionConfigurationPlatforms) = preSolution
		Debug|Any CPU = Debug|Any CPU
		Release|Any CPU = Release|Any CPU
	EndGlobalSection
	GlobalSection(ProjectConfigurationPlatforms) = postSolution
		{CDEB8355-2CBF-490C-8C44-50F8CC6C636C}.Debug|Any CPU.ActiveCfg = Debug|Any CPU
		{CDEB8355-2CBF-490C-8C44-50F8CC6C636C}.Debug|Any CPU.Build.0 = Debug|Any CPU
		{CDEB8355-2CBF-490C-8C44-50F8CC6C636C}.Release|Any CPU.ActiveCfg = Release|Any CPU
		{CDEB8355-2CBF-490C-8C44-50F8CC6C636C}.Release|Any CPU.Build.0 = Release|Any CPU
		{36B6FC33-AA16-435A-B51C-1C0B5A8C1B47}.Debug|Any CPU.ActiveCfg = Debug|Any CPU
		{36B6FC33-AA16-435A-B51C-1C0B5A8C1B47}.Debug|Any CPU.Build.0 = Debug|Any CPU
		{36B6FC33-AA16-435A-B51C-1C0B5A8C1B47}.Release|Any CPU.ActiveCfg = Release|Any CPU
		{36B6FC33-AA16-435A-B51C-1C0B5A8C1B47}.Release|Any CPU.Build.0 = Release|Any CPU
		{15DF142D-1739-45B4-B9F6-7D43974564C6}.Debug|Any CPU.ActiveCfg = Debug|Any CPU
		{15DF142D-1739-45B4-B9F6-7D43974564C6}.Debug|Any CPU.Build.0 = Debug|Any CPU
		{15DF142D-1739-45B4-B9F6-7D43974564C6}.Release|Any CPU.ActiveCfg = Release|Any CPU
		{15DF142D-1739-45B4-B9F6-7D43974564C6}.Release|Any CPU.Build.0 = Release|Any CPU
		{A94DAD0B-2C36-4BBD-98AD-932DE085527C}.Debug|Any CPU.ActiveCfg = Debug|Any CPU
		{A94DAD0B-2C36-4BBD-98AD-932DE085527C}.Debug|Any CPU.Build.0 = Debug|Any CPU
		{A94DAD0B-2C36-4BBD-98AD-932DE085527C}.Release|Any CPU.ActiveCfg = Release|Any CPU
		{A94DAD0B-2C36-4BBD-98AD-932DE085527C}.Release|Any CPU.Build.0 = Release|Any CPU
	EndGlobalSection
	GlobalSection(SolutionProperties) = preSolution
		HideSolutionNode = FALSE
	EndGlobalSection
EndGlobal
